
Microsoft Visual Studio Solution File, Format Version 12.00
# Visual Studio Version 16
VisualStudioVersion = 16.0.31025.194
MinimumVisualStudioVersion = 10.0.40219.1
Project("{8BC9CEB8-8B4A-11D0-8D11-00A0C91BC942}") = "moneybot", "internal_rewrite\internal_rewrite.vcxproj", "{140DEC51-B0E7-4289-BB6F-79686422318E}"
EndProject
Global
	GlobalSection(SolutionConfigurationPlatforms) = preSolution
		Debug|x64 = Debug|x64
		Debug|x86 = Debug|x86
		Online|x64 = Online|x64
		Online|x86 = Online|x86
		optimize_test|x64 = optimize_test|x64
		optimize_test|x86 = optimize_test|x86
		Release|x64 = Release|x64
		Release|x86 = Release|x86
	EndGlobalSection
	GlobalSection(ProjectConfigurationPlatforms) = postSolution
		{140DEC51-B0E7-4289-BB6F-79686422318E}.Debug|x64.ActiveCfg = Debug|x64
		{140DEC51-B0E7-4289-BB6F-79686422318E}.Debug|x64.Build.0 = Debug|x64
		{140DEC51-B0E7-4289-BB6F-79686422318E}.Debug|x86.ActiveCfg = Debug|Win32
		{140DEC51-B0E7-4289-BB6F-79686422318E}.Debug|x86.Build.0 = Debug|Win32
		{140DEC51-B0E7-4289-BB6F-79686422318E}.Online|x64.ActiveCfg = Online|x64
		{140DEC51-B0E7-4289-BB6F-79686422318E}.Online|x64.Build.0 = Online|x64
		{140DEC51-B0E7-4289-BB6F-79686422318E}.Online|x86.ActiveCfg = Online|Win32
		{140DEC51-B0E7-4289-BB6F-79686422318E}.Online|x86.Build.0 = Online|Win32
		{140DEC51-B0E7-4289-BB6F-79686422318E}.optimize_test|x64.ActiveCfg = optimize_test|x64
		{140DEC51-B0E7-4289-BB6F-79686422318E}.optimize_test|x64.Build.0 = optimize_test|x64
		{140DEC51-B0E7-4289-BB6F-79686422318E}.optimize_test|x86.ActiveCfg = optimize_test|Win32
		{140DEC51-B0E7-4289-BB6F-79686422318E}.optimize_test|x86.Build.0 = optimize_test|Win32
		{140DEC51-B0E7-4289-BB6F-79686422318E}.Release|x64.ActiveCfg = Release|x64
		{140DEC51-B0E7-4289-BB6F-79686422318E}.Release|x64.Build.0 = Release|x64
		{140DEC51-B0E7-4289-BB6F-79686422318E}.Release|x86.ActiveCfg = Release|Win32
		{140DEC51-B0E7-4289-BB6F-79686422318E}.Release|x86.Build.0 = Release|Win32
	EndGlobalSection
	GlobalSection(SolutionProperties) = preSolution
		HideSolutionNode = FALSE
	EndGlobalSection
	GlobalSection(ExtensibilityGlobals) = postSolution
		SolutionGuid = {A4DB82D5-1FC8-4F42-9584-C5D51A28E429}
	EndGlobalSection
	GlobalSection(Performance) = preSolution
		HasPerformanceSessions = true
	EndGlobalSection
EndGlobal
